// !$*UTF8*$!
{
	archiveVersion = 1;
	classes = {
	};
	objectVersion = 56;
	objects = {

/* Begin PBXBuildFile section */
		2405C2CA2C186DB700137781 /* AppDelegate.swift in Sources */ = {isa = PBXBuildFile; fileRef = 2405C2C92C186DB700137781 /* AppDelegate.swift */; };
		2405C2CC2C186DB700137781 /* SceneDelegate.swift in Sources */ = {isa = PBXBuildFile; fileRef = 2405C2CB2C186DB700137781 /* SceneDelegate.swift */; };
		2405C2CE2C186DB700137781 /* ViewController.swift in Sources */ = {isa = PBXBuildFile; fileRef = 2405C2CD2C186DB700137781 /* ViewController.swift */; };
		2405C2D32C186DBA00137781 /* Assets.xcassets in Resources */ = {isa = PBXBuildFile; fileRef = 2405C2D22C186DBA00137781 /* Assets.xcassets */; };
		2405C2D62C186DBA00137781 /* Base in Resources */ = {isa = PBXBuildFile; fileRef = 2405C2D52C186DBA00137781 /* Base */; };
		2405C2DE2C18700100137781 /* CustomTableViewCell.swift in Sources */ = {isa = PBXBuildFile; fileRef = 2405C2DD2C18700100137781 /* CustomTableViewCell.swift */; };
		2405C2E02C18794300137781 /* DishModel.swift in Sources */ = {isa = PBXBuildFile; fileRef = 2405C2DF2C18794200137781 /* DishModel.swift */; };
		2405C2E22C187A8000137781 /* APIService.swift in Sources */ = {isa = PBXBuildFile; fileRef = 2405C2E12C187A8000137781 /* APIService.swift */; };
		2405C2E42C187C4000137781 /* DishViewModel.swift in Sources */ = {isa = PBXBuildFile; fileRef = 2405C2E32C187C4000137781 /* DishViewModel.swift */; };
		2405C2E72C1880A500137781 /* Kingfisher in Frameworks */ = {isa = PBXBuildFile; productRef = 2405C2E62C1880A500137781 /* Kingfisher */; };
		249CC4562C18909300C2FE70 /* CustomCollectionViewCell.swift in Sources */ = {isa = PBXBuildFile; fileRef = 249CC4552C18909300C2FE70 /* CustomCollectionViewCell.swift */; };
		249CC4612C18A30800C2FE70 /* Main.storyboard in Resources */ = {isa = PBXBuildFile; fileRef = 249CC45F2C18A30800C2FE70 /* Main.storyboard */; };
/* End PBXBuildFile section */

/* Begin PBXFileReference section */
		2405C2C62C186DB700137781 /* DishDemo.app */ = {isa = PBXFileReference; explicitFileType = wrapper.application; includeInIndex = 0; path = DishDemo.app; sourceTree = BUILT_PRODUCTS_DIR; };
		2405C2C92C186DB700137781 /* AppDelegate.swift */ = {isa = PBXFileReference; lastKnownFileType = sourcecode.swift; path = AppDelegate.swift; sourceTree = "<group>"; };
		2405C2CB2C186DB700137781 /* SceneDelegate.swift */ = {isa = PBXFileReference; lastKnownFileType = sourcecode.swift; path = SceneDelegate.swift; sourceTree = "<group>"; };
		2405C2CD2C186DB700137781 /* ViewController.swift */ = {isa = PBXFileReference; lastKnownFileType = sourcecode.swift; path = ViewController.swift; sourceTree = "<group>"; };
		2405C2D22C186DBA00137781 /* Assets.xcassets */ = {isa = PBXFileReference; lastKnownFileType = folder.assetcatalog; path = Assets.xcassets; sourceTree = "<group>"; };
		2405C2D52C186DBA00137781 /* Base */ = {isa = PBXFileReference; lastKnownFileType = file.storyboard; name = Base; path = Base.lproj/LaunchScreen.storyboard; sourceTree = "<group>"; };
		2405C2D72C186DBA00137781 /* Info.plist */ = {isa = PBXFileReference; lastKnownFileType = text.plist.xml; path = Info.plist; sourceTree = "<group>"; };
		2405C2DD2C18700100137781 /* CustomTableViewCell.swift */ = {isa = PBXFileReference; lastKnownFileType = sourcecode.swift; path = CustomTableViewCell.swift; sourceTree = "<group>"; };
		2405C2DF2C18794200137781 /* DishModel.swift */ = {isa = PBXFileReference; lastKnownFileType = sourcecode.swift; path = DishModel.swift; sourceTree = "<group>"; };
		2405C2E12C187A8000137781 /* APIService.swift */ = {isa = PBXFileReference; lastKnownFileType = sourcecode.swift; path = APIService.swift; sourceTree = "<group>"; };
		2405C2E32C187C4000137781 /* DishViewModel.swift */ = {isa = PBXFileReference; lastKnownFileType = sourcecode.swift; path = DishViewModel.swift; sourceTree = "<group>"; };
		249CC4552C18909300C2FE70 /* CustomCollectionViewCell.swift */ = {isa = PBXFileReference; lastKnownFileType = sourcecode.swift; path = CustomCollectionViewCell.swift; sourceTree = "<group>"; };
		249CC4602C18A30800C2FE70 /* Base */ = {isa = PBXFileReference; lastKnownFileType = file.storyboard; name = Base; path = Base.lproj/Main.storyboard; sourceTree = "<group>"; };
/* End PBXFileReference section */

/* Begin PBXFrameworksBuildPhase section */
		2405C2C32C186DB700137781 /* Frameworks */ = {
			isa = PBXFrameworksBuildPhase;
			buildActionMask = 2147483647;
			files = (
				2405C2E72C1880A500137781 /* Kingfisher in Frameworks */,
			);
			runOnlyForDeploymentPostprocessing = 0;
		};
/* End PBXFrameworksBuildPhase section */

/* Begin PBXGroup section */
		2405C2BD2C186DB700137781 = {
			isa = PBXGroup;
			children = (
				2405C2C82C186DB700137781 /* DishDemo */,
				2405C2C72C186DB700137781 /* Products */,
			);
			sourceTree = "<group>";
		};
		2405C2C72C186DB700137781 /* Products */ = {
			isa = PBXGroup;
			children = (
				2405C2C62C186DB700137781 /* DishDemo.app */,
			);
			name = Products;
			sourceTree = "<group>";
		};
		2405C2C82C186DB700137781 /* DishDemo */ = {
			isa = PBXGroup;
			children = (
				2405C2C92C186DB700137781 /* AppDelegate.swift */,
				2405C2CB2C186DB700137781 /* SceneDelegate.swift */,
				2405C2D72C186DBA00137781 /* Info.plist */,
				249CC4582C18A0FD00C2FE70 /* Model */,
				249CC45C2C18A15900C2FE70 /* View */,
				249CC45A2C18A11E00C2FE70 /* ViewModel */,
				2405C2E12C187A8000137781 /* APIService.swift */,
				2405C2D22C186DBA00137781 /* Assets.xcassets */,
			);
			path = DishDemo;
			sourceTree = "<group>";
		};
		249CC4582C18A0FD00C2FE70 /* Model */ = {
			isa = PBXGroup;
			children = (
				2405C2DF2C18794200137781 /* DishModel.swift */,
			);
			path = Model;
			sourceTree = "<group>";
		};
		249CC4592C18A10C00C2FE70 /* Cell */ = {
			isa = PBXGroup;
			children = (
				2405C2DD2C18700100137781 /* CustomTableViewCell.swift */,
				249CC4552C18909300C2FE70 /* CustomCollectionViewCell.swift */,
			);
			path = Cell;
			sourceTree = "<group>";
		};
		249CC45A2C18A11E00C2FE70 /* ViewModel */ = {
			isa = PBXGroup;
			children = (
				2405C2E32C187C4000137781 /* DishViewModel.swift */,
			);
			path = ViewModel;
			sourceTree = "<group>";
		};
		249CC45B2C18A14400C2FE70 /* Storyboards */ = {
			isa = PBXGroup;
			children = (
				249CC45F2C18A30800C2FE70 /* Main.storyboard */,
				2405C2D42C186DBA00137781 /* LaunchScreen.storyboard */,
			);
			path = Storyboards;
			sourceTree = "<group>";
		};
		249CC45C2C18A15900C2FE70 /* View */ = {
			isa = PBXGroup;
			children = (
				2405C2CD2C186DB700137781 /* ViewController.swift */,
				249CC4592C18A10C00C2FE70 /* Cell */,
				249CC45B2C18A14400C2FE70 /* Storyboards */,
			);
			path = View;
			sourceTree = "<group>";
		};
/* End PBXGroup section */

/* Begin PBXNativeTarget section */
		2405C2C52C186DB700137781 /* DishDemo */ = {
			isa = PBXNativeTarget;
			buildConfigurationList = 2405C2DA2C186DBA00137781 /* Build configuration list for PBXNativeTarget "DishDemo" */;
			buildPhases = (
				2405C2C22C186DB700137781 /* Sources */,
				2405C2C32C186DB700137781 /* Frameworks */,
				2405C2C42C186DB700137781 /* Resources */,
			);
			buildRules = (
			);
			dependencies = (
			);
			name = DishDemo;
			packageProductDependencies = (
				2405C2E62C1880A500137781 /* Kingfisher */,
			);
			productName = DishDemo;
			productReference = 2405C2C62C186DB700137781 /* DishDemo.app */;
			productType = "com.apple.product-type.application";
		};
/* End PBXNativeTarget section */

/* Begin PBXProject section */
		2405C2BE2C186DB700137781 /* Project object */ = {
			isa = PBXProject;
			attributes = {
				BuildIndependentTargetsInParallel = 1;
				LastSwiftUpdateCheck = 1540;
				LastUpgradeCheck = 1540;
				TargetAttributes = {
					2405C2C52C186DB700137781 = {
						CreatedOnToolsVersion = 15.4;
					};
				};
			};
			buildConfigurationList = 2405C2C12C186DB700137781 /* Build configuration list for PBXProject "DishDemo" */;
			compatibilityVersion = "Xcode 14.0";
			developmentRegion = en;
			hasScannedForEncodings = 0;
			knownRegions = (
				en,
				Base,
			);
			mainGroup = 2405C2BD2C186DB700137781;
			packageReferences = (
				2405C2E52C1880A500137781 /* XCRemoteSwiftPackageReference "Kingfisher" */,
			);
			productRefGroup = 2405C2C72C186DB700137781 /* Products */;
			projectDirPath = "";
			projectRoot = "";
			targets = (
				2405C2C52C186DB700137781 /* DishDemo */,
			);
		};
/* End PBXProject section */

/* Begin PBXResourcesBuildPhase section */
		2405C2C42C186DB700137781 /* Resources */ = {
			isa = PBXResourcesBuildPhase;
			buildActionMask = 2147483647;
			files = (
				2405C2D32C186DBA00137781 /* Assets.xcassets in Resources */,
				2405C2D62C186DBA00137781 /* Base in Resources */,
				249CC4612C18A30800C2FE70 /* Main.storyboard in Resources */,
			);
			runOnlyForDeploymentPostprocessing = 0;
		};
/* End PBXResourcesBuildPhase section */

/* Begin PBXSourcesBuildPhase section */
		2405C2C22C186DB700137781 /* Sources */ = {
			isa = PBXSourcesBuildPhase;
			buildActionMask = 2147483647;
			files = (
				2405C2CE2C186DB700137781 /* ViewController.swift in Sources */,
				2405C2CA2C186DB700137781 /* AppDelegate.swift in Sources */,
				2405C2E02C18794300137781 /* DishModel.swift in Sources */,
				249CC4562C18909300C2FE70 /* CustomCollectionViewCell.swift in Sources */,
				2405C2DE2C18700100137781 /* CustomTableViewCell.swift in Sources */,
				2405C2E22C187A8000137781 /* APIService.swift in Sources */,
				2405C2E42C187C4000137781 /* DishViewModel.swift in Sources */,
				2405C2CC2C186DB700137781 /* SceneDelegate.swift in Sources */,
			);
			runOnlyForDeploymentPostprocessing = 0;
		};
/* End PBXSourcesBuildPhase section */

/* Begin PBXVariantGroup section */
		2405C2D42C186DBA00137781 /* LaunchScreen.storyboard */ = {
			isa = PBXVariantGroup;
			children = (
				2405C2D52C186DBA00137781 /* Base */,
			);
			name = LaunchScreen.storyboard;
			sourceTree = "<group>";
		};
		249CC45F2C18A30800C2FE70 /* Main.storyboard */ = {
			isa = PBXVariantGroup;
			children = (
				249CC4602C18A30800C2FE70 /* Base */,
			);
			name = Main.storyboard;
			sourceTree = "<group>";
		};
/* End PBXVariantGroup section */

/* Begin XCBuildConfiguration section */
		2405C2D82C186DBA00137781 /* Debug */ = {
			isa = XCBuildConfiguration;
			buildSettings = {
				ALWAYS_SEARCH_USER_PATHS = NO;
				ASSETCATALOG_COMPILER_GENERATE_SWIFT_ASSET_SYMBOL_EXTENSIONS = YES;
				CLANG_ANALYZER_NONNULL = YES;
				CLANG_ANALYZER_NUMBER_OBJECT_CONVERSION = YES_AGGRESSIVE;
				CLANG_CXX_LANGUAGE_STANDARD = "gnu++20";
				CLANG_ENABLE_MODULES = YES;
				CLANG_ENABLE_OBJC_ARC = YES;
				CLANG_ENABLE_OBJC_WEAK = YES;
				CLANG_WARN_BLOCK_CAPTURE_AUTORELEASING = YES;
				CLANG_WARN_BOOL_CONVERSION = YES;
				CLANG_WARN_COMMA = YES;
				CLANG_WARN_CONSTANT_CONVERSION = YES;
				CLANG_WARN_DEPRECATED_OBJC_IMPLEMENTATIONS = YES;
				CLANG_WARN_DIRECT_OBJC_ISA_USAGE = YES_ERROR;
				CLANG_WARN_DOCUMENTATION_COMMENTS = YES;
				CLANG_WARN_EMPTY_BODY = YES;
				CLANG_WARN_ENUM_CONVERSION = YES;
				CLANG_WARN_INFINITE_RECURSION = YES;
				CLANG_WARN_INT_CONVERSION = YES;
				CLANG_WARN_NON_LITERAL_NULL_CONVERSION = YES;
				CLANG_WARN_OBJC_IMPLICIT_RETAIN_SELF = YES;
				CLANG_WARN_OBJC_LITERAL_CONVERSION = YES;
				CLANG_WARN_OBJC_ROOT_CLASS = YES_ERROR;
				CLANG_WARN_QUOTED_INCLUDE_IN_FRAMEWORK_HEADER = YES;
				CLANG_WARN_RANGE_LOOP_ANALYSIS = YES;
				CLANG_WARN_STRICT_PROTOTYPES = YES;
				CLANG_WARN_SUSPICIOUS_MOVE = YES;
				CLANG_WARN_UNGUARDED_AVAILABILITY = YES_AGGRESSIVE;
				CLANG_WARN_UNREACHABLE_CODE = YES;
				CLANG_WARN__DUPLICATE_METHOD_MATCH = YES;
				COPY_PHASE_STRIP = NO;
				DEBUG_INFORMATION_FORMAT = dwarf;
				ENABLE_STRICT_OBJC_MSGSEND = YES;
				ENABLE_TESTABILITY = YES;
				ENABLE_USER_SCRIPT_SANDBOXING = YES;
				GCC_C_LANGUAGE_STANDARD = gnu17;
				GCC_DYNAMIC_NO_PIC = NO;
				GCC_NO_COMMON_BLOCKS = YES;
				GCC_OPTIMIZATION_LEVEL = 0;
				GCC_PREPROCESSOR_DEFINITIONS = (
					"DEBUG=1",
					"$(inherited)",
				);
				GCC_WARN_64_TO_32_BIT_CONVERSION = YES;
				GCC_WARN_ABOUT_RETURN_TYPE = YES_ERROR;
				GCC_WARN_UNDECLARED_SELECTOR = YES;
				GCC_WARN_UNINITIALIZED_AUTOS = YES_AGGRESSIVE;
				GCC_WARN_UNUSED_FUNCTION = YES;
				GCC_WARN_UNUSED_VARIABLE = YES;
				IPHONEOS_DEPLOYMENT_TARGET = 17.5;
				LOCALIZATION_PREFERS_STRING_CATALOGS = YES;
				MTL_ENABLE_DEBUG_INFO = INCLUDE_SOURCE;
				MTL_FAST_MATH = YES;
				ONLY_ACTIVE_ARCH = YES;
				SDKROOT = iphoneos;
				SWIFT_ACTIVE_COMPILATION_CONDITIONS = "DEBUG $(inherited)";
				SWIFT_OPTIMIZATION_LEVEL = "-Onone";
			};
			name = Debug;
		};
		2405C2D92C186DBA00137781 /* Release */ = {
			isa = XCBuildConfiguration;
			buildSettings = {
				ALWAYS_SEARCH_USER_PATHS = NO;
				ASSETCATALOG_COMPILER_GENERATE_SWIFT_ASSET_SYMBOL_EXTENSIONS = YES;
				CLANG_ANALYZER_NONNULL = YES;
				CLANG_ANALYZER_NUMBER_OBJECT_CONVERSION = YES_AGGRESSIVE;
				CLANG_CXX_LANGUAGE_STANDARD = "gnu++20";
				CLANG_ENABLE_MODULES = YES;
				CLANG_ENABLE_OBJC_ARC = YES;
				CLANG_ENABLE_OBJC_WEAK = YES;
				CLANG_WARN_BLOCK_CAPTURE_AUTORELEASING = YES;
				CLANG_WARN_BOOL_CONVERSION = YES;
				CLANG_WARN_COMMA = YES;
				CLANG_WARN_CONSTANT_CONVERSION = YES;
				CLANG_WARN_DEPRECATED_OBJC_IMPLEMENTATIONS = YES;
				CLANG_WARN_DIRECT_OBJC_ISA_USAGE = YES_ERROR;
				CLANG_WARN_DOCUMENTATION_COMMENTS = YES;
				CLANG_WARN_EMPTY_BODY = YES;
				CLANG_WARN_ENUM_CONVERSION = YES;
				CLANG_WARN_INFINITE_RECURSION = YES;
				CLANG_WARN_INT_CONVERSION = YES;
				CLANG_WARN_NON_LITERAL_NULL_CONVERSION = YES;
				CLANG_WARN_OBJC_IMPLICIT_RETAIN_SELF = YES;
				CLANG_WARN_OBJC_LITERAL_CONVERSION = YES;
				CLANG_WARN_OBJC_ROOT_CLASS = YES_ERROR;
				CLANG_WARN_QUOTED_INCLUDE_IN_FRAMEWORK_HEADER = YES;
				CLANG_WARN_RANGE_LOOP_ANALYSIS = YES;
				CLANG_WARN_STRICT_PROTOTYPES = YES;
				CLANG_WARN_SUSPICIOUS_MOVE = YES;
				CLANG_WARN_UNGUARDED_AVAILABILITY = YES_AGGRESSIVE;
				CLANG_WARN_UNREACHABLE_CODE = YES;
				CLANG_WARN__DUPLICATE_METHOD_MATCH = YES;
				COPY_PHASE_STRIP = NO;
				DEBUG_INFORMATION_FORMAT = "dwarf-with-dsym";
				ENABLE_NS_ASSERTIONS = NO;
				ENABLE_STRICT_OBJC_MSGSEND = YES;
				ENABLE_USER_SCRIPT_SANDBOXING = YES;
				GCC_C_LANGUAGE_STANDARD = gnu17;
				GCC_NO_COMMON_BLOCKS = YES;
				GCC_WARN_64_TO_32_BIT_CONVERSION = YES;
				GCC_WARN_ABOUT_RETURN_TYPE = YES_ERROR;
				GCC_WARN_UNDECLARED_SELECTOR = YES;
				GCC_WARN_UNINITIALIZED_AUTOS = YES_AGGRESSIVE;
				GCC_WARN_UNUSED_FUNCTION = YES;
				GCC_WARN_UNUSED_VARIABLE = YES;
				IPHONEOS_DEPLOYMENT_TARGET = 17.5;
				LOCALIZATION_PREFERS_STRING_CATALOGS = YES;
				MTL_ENABLE_DEBUG_INFO = NO;
				MTL_FAST_MATH = YES;
				SDKROOT = iphoneos;
				SWIFT_COMPILATION_MODE = wholemodule;
				VALIDATE_PRODUCT = YES;
			};
			name = Release;
		};
		2405C2DB2C186DBA00137781 /* Debug */ = {
			isa = XCBuildConfiguration;
			buildSettings = {
				ASSETCATALOG_COMPILER_APPICON_NAME = AppIcon;
				ASSETCATALOG_COMPILER_GLOBAL_ACCENT_COLOR_NAME = AccentColor;
				CODE_SIGN_STYLE = Automatic;
				CURRENT_PROJECT_VERSION = 1;
				DEVELOPMENT_TEAM = W4FGW6H9AF;
				GENERATE_INFOPLIST_FILE = YES;
				INFOPLIST_FILE = DishDemo/Info.plist;
				INFOPLIST_KEY_UIApplicationSupportsIndirectInputEvents = YES;
				INFOPLIST_KEY_UILaunchStoryboardName = LaunchScreen;
				INFOPLIST_KEY_UIMainStoryboardFile = Main;
				INFOPLIST_KEY_UISupportedInterfaceOrientations_iPad = "UIInterfaceOrientationPortrait UIInterfaceOrientationPortraitUpsideDown UIInterfaceOrientationLandscapeLeft UIInterfaceOrientationLandscapeRight";
				INFOPLIST_KEY_UISupportedInterfaceOrientations_iPhone = "UIInterfaceOrientationPortrait UIInterfaceOrientationLandscapeLeft UIInterfaceOrientationLandscapeRight";
				LD_RUNPATH_SEARCH_PATHS = (
					"$(inherited)",
					"@executable_path/Frameworks",
				);
				MARKETING_VERSION = 1.0;
				PRODUCT_BUNDLE_IDENTIFIER = com.ajaydhomase.DishDemo;
				PRODUCT_NAME = "$(TARGET_NAME)";
				SWIFT_EMIT_LOC_STRINGS = YES;
				SWIFT_VERSION = 5.0;
				TARGETED_DEVICE_FAMILY = "1,2";
			};
			name = Debug;
		};
		2405C2DC2C186DBA00137781 /* Release */ = {
			isa = XCBuildConfiguration;
			buildSettings = {
				ASSETCATALOG_COMPILER_APPICON_NAME = AppIcon;
				ASSETCATALOG_COMPILER_GLOBAL_ACCENT_COLOR_NAME = AccentColor;
				CODE_SIGN_STYLE = Automatic;
				CURRENT_PROJECT_VERSION = 1;
				DEVELOPMENT_TEAM = W4FGW6H9AF;
				GENERATE_INFOPLIST_FILE = YES;
				INFOPLIST_FILE = DishDemo/Info.plist;
				INFOPLIST_KEY_UIApplicationSupportsIndirectInputEvents = YES;
				INFOPLIST_KEY_UILaunchStoryboardName = LaunchScreen;
				INFOPLIST_KEY_UIMainStoryboardFile = Main;
				INFOPLIST_KEY_UISupportedInterfaceOrientations_iPad = "UIInterfaceOrientationPortrait UIInterfaceOrientationPortraitUpsideDown UIInterfaceOrientationLandscapeLeft UIInterfaceOrientationLandscapeRight";
				INFOPLIST_KEY_UISupportedInterfaceOrientations_iPhone = "UIInterfaceOrientationPortrait UIInterfaceOrientationLandscapeLeft UIInterfaceOrientationLandscapeRight";
				LD_RUNPATH_SEARCH_PATHS = (
					"$(inherited)",
					"@executable_path/Frameworks",
				);
				MARKETING_VERSION = 1.0;
				PRODUCT_BUNDLE_IDENTIFIER = com.ajaydhomase.DishDemo;
				PRODUCT_NAME = "$(TARGET_NAME)";
				SWIFT_EMIT_LOC_STRINGS = YES;
				SWIFT_VERSION = 5.0;
				TARGETED_DEVICE_FAMILY = "1,2";
			};
			name = Release;
		};
/* End XCBuildConfiguration section */

/* Begin XCConfigurationList section */
		2405C2C12C186DB700137781 /* Build configuration list for PBXProject "DishDemo" */ = {
			isa = XCConfigurationList;
			buildConfigurations = (
				2405C2D82C186DBA00137781 /* Debug */,
				2405C2D92C186DBA00137781 /* Release */,
			);
			defaultConfigurationIsVisible = 0;
			defaultConfigurationName = Release;
		};
		2405C2DA2C186DBA00137781 /* Build configuration list for PBXNativeTarget "DishDemo" */ = {
			isa = XCConfigurationList;
			buildConfigurations = (
				2405C2DB2C186DBA00137781 /* Debug */,
				2405C2DC2C186DBA00137781 /* Release */,
			);
			defaultConfigurationIsVisible = 0;
			defaultConfigurationName = Release;
		};
/* End XCConfigurationList section */

/* Begin XCRemoteSwiftPackageReference section */
		2405C2E52C1880A500137781 /* XCRemoteSwiftPackageReference "Kingfisher" */ = {
			isa = XCRemoteSwiftPackageReference;
			repositoryURL = "https://github.com/onevcat/Kingfisher";
			requirement = {
				kind = upToNextMajorVersion;
				minimumVersion = 7.12.0;
			};
		};
/* End XCRemoteSwiftPackageReference section */

/* Begin XCSwiftPackageProductDependency section */
		2405C2E62C1880A500137781 /* Kingfisher */ = {
			isa = XCSwiftPackageProductDependency;
			package = 2405C2E52C1880A500137781 /* XCRemoteSwiftPackageReference "Kingfisher" */;
			productName = Kingfisher;
		};
/* End XCSwiftPackageProductDependency section */
	};
	rootObject = 2405C2BE2C186DB700137781 /* Project object */;
}
